
Microsoft Visual Studio Solution File, Format Version 12.00
# Visual Studio Version 18
VisualStudioVersion = 18.1.11312.151
MinimumVisualStudioVersion = 10.0.40219.1
Project("{FAE04EC0-301F-11D3-BF4B-00C04F79EFBC}") = "FargowiltasMusic", "FargowiltasMusic.csproj", "{F33E70BF-6EC7-F332-D053-CF28DA781C2C}"
EndProject
Global
	GlobalSection(SolutionConfigurationPlatforms) = preSolution
		Debug|Any CPU = Debug|Any CPU
		Release|Any CPU = Release|Any CPU
	EndGlobalSection
	GlobalSection(ProjectConfigurationPlatforms) = postSolution
		{F33E70BF-6EC7-F332-D053-CF28DA781C2C}.Debug|Any CPU.ActiveCfg = Debug|Any CPU
		{F33E70BF-6EC7-F332-D053-CF28DA781C2C}.Debug|Any CPU.Build.0 = Debug|Any CPU
		{F33E70BF-6EC7-F332-D053-CF28DA781C2C}.Release|Any CPU.ActiveCfg = Release|Any CPU
		{F33E70BF-6EC7-F332-D053-CF28DA781C2C}.Release|Any CPU.Build.0 = Release|Any CPU
	EndGlobalSection
	GlobalSection(SolutionProperties) = preSolution
		HideSolutionNode = FALSE
	EndGlobalSection
	GlobalSection(ExtensibilityGlobals) = postSolution
		SolutionGuid = {FA9763DF-9125-4F0B-BFFD-9A97A27458DF}
	EndGlobalSection
EndGlobal
